
Microsoft Visual Studio Solution File, Format Version 12.00
# Visual Studio 15
VisualStudioVersion = 15.0.28010.2050
MinimumVisualStudioVersion = 10.0.40219.1
Project("{FAE04EC0-301F-11D3-BF4B-00C04F79EFBC}") = "Site.Web", "Site.Web\Site.Web.csproj", "{31543A1D-EFB6-4553-B57F-F8F674D5CA25}"
EndProject
Global
	GlobalSection(SolutionConfigurationPlatforms) = preSolution
		Debug|Any CPU = Debug|Any CPU
		Release|Any CPU = Release|Any CPU
	EndGlobalSection
	GlobalSection(ProjectConfigurationPlatforms) = postSolution
		{31543A1D-EFB6-4553-B57F-F8F674D5CA25}.Debug|Any CPU.ActiveCfg = Debug|Any CPU
		{31543A1D-EFB6-4553-B57F-F8F674D5CA25}.Debug|Any CPU.Build.0 = Debug|Any CPU
		{31543A1D-EFB6-4553-B57F-F8F674D5CA25}.Release|Any CPU.ActiveCfg = Release|Any CPU
		{31543A1D-EFB6-4553-B57F-F8F674D5CA25}.Release|Any CPU.Build.0 = Release|Any CPU
	EndGlobalSection
	GlobalSection(SolutionProperties) = preSolution
		HideSolutionNode = FALSE
	EndGlobalSection
	GlobalSection(ExtensibilityGlobals) = postSolution
		SolutionGuid = {073AFF1F-A5A5-4E3C-8120-C76514471B7F}
	EndGlobalSection
EndGlobal
